github.com/c2h5oh/datasize v0.0.0-20200825124411-48ed595a09d2 h1:t8KYCwSKsOEZBFELI4Pn/phbp38iJ1RRAkDFNin1aak=
github.com/c2h5oh/datasize v0.0.0-20200825124411-48ed595a09d2/go.mod h1:S/7n9copUssQ56c7aAgHqftWO4LTf4xY6CGWt8Bc+3M=
github.com/mattn/go-runewidth v0.0.9 h1:Lm995f3rfxdpd6TSmuVCHVb/QhupuXlYr8sCI/QdE+0=
github.com/mattn/go-runewidth v0.0.9/go.mod h1:H031xJmbD/WCDINGzjvQ9THkh0rPKHF+m2gUSrubnMI=
github.com/olekukonko/tablewriter v0.0.5 h1:P2Ga83D34wi1o9J6Wh1mRuqd4mF/x/lgBS7N7AbDhec=
github.com/olekukonko/tablewriter v0.0.5/go.mod h1:hPp6KlRPjbx+hW8ykQs1w3UBbZlj6HuIJcUGPhkA7kY=
